
Microsoft Visual Studio Solution File, Format Version 12.00
# Visual Studio 15
Project("{FAE04EC0-301F-11D3-BF4B-00C04F79EFBC}") = "Unity.XR.Interaction.Toolkit.Samples.StarterAssets", "Unity.XR.Interaction.Toolkit.Samples.StarterAssets.csproj", "{C7A1B99C-4EAE-1FE0-8168-BEC2706E50FA}"
EndProject
Project("{FAE04EC0-301F-11D3-BF4B-00C04F79EFBC}") = "Assembly-CSharp", "Assembly-CSharp.csproj", "{017EDE97-4D6F-D3EB-3FDE-825C7C02D646}"
EndProject
Project("{FAE04EC0-301F-11D3-BF4B-00C04F79EFBC}") = "Unity.XR.Interaction.Toolkit.Samples.StarterAssets.Editor", "Unity.XR.Interaction.Toolkit.Samples.StarterAssets.Editor.csproj", "{0F7AB349-5F92-EBE7-D09A-B13B2CE5BB0D}"
EndProject
Global
	GlobalSection(SolutionConfigurationPlatforms) = preSolution
		Debug|Any CPU = Debug|Any CPU
		Release|Any CPU = Release|Any CPU
	EndGlobalSection
	GlobalSection(ProjectConfigurationPlatforms) = postSolution
		{C7A1B99C-4EAE-1FE0-8168-BEC2706E50FA}.Debug|Any CPU.ActiveCfg = Debug|Any CPU
		{C7A1B99C-4EAE-1FE0-8168-BEC2706E50FA}.Debug|Any CPU.Build.0 = Debug|Any CPU
		{C7A1B99C-4EAE-1FE0-8168-BEC2706E50FA}.Release|Any CPU.ActiveCfg = Release|Any CPU
		{C7A1B99C-4EAE-1FE0-8168-BEC2706E50FA}.Release|Any CPU.Build.0 = Release|Any CPU
		{017EDE97-4D6F-D3EB-3FDE-825C7C02D646}.Debug|Any CPU.ActiveCfg = Debug|Any CPU
		{017EDE97-4D6F-D3EB-3FDE-825C7C02D646}.Debug|Any CPU.Build.0 = Debug|Any CPU
		{017EDE97-4D6F-D3EB-3FDE-825C7C02D646}.Release|Any CPU.ActiveCfg = Release|Any CPU
		{017EDE97-4D6F-D3EB-3FDE-825C7C02D646}.Release|Any CPU.Build.0 = Release|Any CPU
		{0F7AB349-5F92-EBE7-D09A-B13B2CE5BB0D}.Debug|Any CPU.ActiveCfg = Debug|Any CPU
		{0F7AB349-5F92-EBE7-D09A-B13B2CE5BB0D}.Debug|Any CPU.Build.0 = Debug|Any CPU
		{0F7AB349-5F92-EBE7-D09A-B13B2CE5BB0D}.Release|Any CPU.ActiveCfg = Release|Any CPU
		{0F7AB349-5F92-EBE7-D09A-B13B2CE5BB0D}.Release|Any CPU.Build.0 = Release|Any CPU
	EndGlobalSection
	GlobalSection(SolutionProperties) = preSolution
		HideSolutionNode = FALSE
	EndGlobalSection
EndGlobal
